// !$*UTF8*$!
{
	archiveVersion = 1;
	classes = {
	};
	objectVersion = 50;
	objects = {

/* Begin PBXBuildFile section */
		496DAE86D905D0AC1F67D5B5 /* Pods_FanRACExtensions.framework in Frameworks */ = {isa = PBXBuildFile; fileRef = D57406FCEF3B60626E2E6833 /* Pods_FanRACExtensions.framework */; };
		662F3EB1224338E70050C9A1 /* FanAPIManager.m in Sources */ = {isa = PBXBuildFile; fileRef = 662F3EB0224338E70050C9A1 /* FanAPIManager.m */; };
		662F3EB422433AD30050C9A1 /* FanAppManager.m in Sources */ = {isa = PBXBuildFile; fileRef = 662F3EB322433AD30050C9A1 /* FanAppManager.m */; };
		662F3EB7224343310050C9A1 /* AFHTTPSessionManager+FanRACExtension.m in Sources */ = {isa = PBXBuildFile; fileRef = 662F3EB6224343310050C9A1 /* AFHTTPSessionManager+FanRACExtension.m */; };
		666C135D22391EA30034C5A5 /* AppDelegate.m in Sources */ = {isa = PBXBuildFile; fileRef = 666C135C22391EA30034C5A5 /* AppDelegate.m */; };
		666C136022391EA30034C5A5 /* ViewController.m in Sources */ = {isa = PBXBuildFile; fileRef = 666C135F22391EA30034C5A5 /* ViewController.m */; };
		666C136322391EA30034C5A5 /* Main.storyboard in Resources */ = {isa = PBXBuildFile; fileRef = 666C136122391EA30034C5A5 /* Main.storyboard */; };
		666C136522391EA40034C5A5 /* Assets.xcassets in Resources */ = {isa = PBXBuildFile; fileRef = 666C136422391EA40034C5A5 /* Assets.xcassets */; };
		666C136822391EA40034C5A5 /* LaunchScreen.storyboard in Resources */ = {isa = PBXBuildFile; fileRef = 666C136622391EA40034C5A5 /* LaunchScreen.storyboard */; };
		666C136B22391EA40034C5A5 /* main.m in Sources */ = {isa = PBXBuildFile; fileRef = 666C136A22391EA40034C5A5 /* main.m */; };
		666C137522391EA40034C5A5 /* FanRACExtensionsTests.m in Sources */ = {isa = PBXBuildFile; fileRef = 666C137422391EA40034C5A5 /* FanRACExtensionsTests.m */; };
		666C138022391EA40034C5A5 /* FanRACExtensionsUITests.m in Sources */ = {isa = PBXBuildFile; fileRef = 666C137F22391EA40034C5A5 /* FanRACExtensionsUITests.m */; };
		666C1390223A06B90034C5A5 /* FanRACViewModel.m in Sources */ = {isa = PBXBuildFile; fileRef = 666C138F223A06B90034C5A5 /* FanRACViewModel.m */; };
		666C1394223A3BF40034C5A5 /* FanLoginViewModel.m in Sources */ = {isa = PBXBuildFile; fileRef = 666C1393223A3BF40034C5A5 /* FanLoginViewModel.m */; };
/* End PBXBuildFile section */

/* Begin PBXContainerItemProxy section */
		666C137122391EA40034C5A5 /* PBXContainerItemProxy */ = {
			isa = PBXContainerItemProxy;
			containerPortal = 666C135022391EA30034C5A5 /* Project object */;
			proxyType = 1;
			remoteGlobalIDString = 666C135722391EA30034C5A5;
			remoteInfo = FanRACExtensions;
		};
		666C137C22391EA40034C5A5 /* PBXContainerItemProxy */ = {
			isa = PBXContainerItemProxy;
			containerPortal = 666C135022391EA30034C5A5 /* Project object */;
			proxyType = 1;
			remoteGlobalIDString = 666C135722391EA30034C5A5;
			remoteInfo = FanRACExtensions;
		};
/* End PBXContainerItemProxy section */

/* Begin PBXFileReference section */
		51043C2725A9C663D64C1757 /* Pods-FanRACExtensions.release.xcconfig */ = {isa = PBXFileReference; includeInIndex = 1; lastKnownFileType = text.xcconfig; name = "Pods-FanRACExtensions.release.xcconfig"; path = "Pods/Target Support Files/Pods-FanRACExtensions/Pods-FanRACExtensions.release.xcconfig"; sourceTree = "<group>"; };
		662F3EAE22422C1C0050C9A1 /* CommonHead.pch */ = {isa = PBXFileReference; fileEncoding = 4; lastKnownFileType = sourcecode.c.h; path = CommonHead.pch; sourceTree = "<group>"; };
		662F3EAF224338E70050C9A1 /* FanAPIManager.h */ = {isa = PBXFileReference; lastKnownFileType = sourcecode.c.h; path = FanAPIManager.h; sourceTree = "<group>"; };
		662F3EB0224338E70050C9A1 /* FanAPIManager.m */ = {isa = PBXFileReference; lastKnownFileType = sourcecode.c.objc; path = FanAPIManager.m; sourceTree = "<group>"; };
		662F3EB222433AD30050C9A1 /* FanAppManager.h */ = {isa = PBXFileReference; lastKnownFileType = sourcecode.c.h; path = FanAppManager.h; sourceTree = "<group>"; };
		662F3EB322433AD30050C9A1 /* FanAppManager.m */ = {isa = PBXFileReference; lastKnownFileType = sourcecode.c.objc; path = FanAppManager.m; sourceTree = "<group>"; };
		662F3EB5224343310050C9A1 /* AFHTTPSessionManager+FanRACExtension.h */ = {isa = PBXFileReference; lastKnownFileType = sourcecode.c.h; path = "AFHTTPSessionManager+FanRACExtension.h"; sourceTree = "<group>"; };
		662F3EB6224343310050C9A1 /* AFHTTPSessionManager+FanRACExtension.m */ = {isa = PBXFileReference; lastKnownFileType = sourcecode.c.objc; path = "AFHTTPSessionManager+FanRACExtension.m"; sourceTree = "<group>"; };
		666C135822391EA30034C5A5 /* FanRACExtensions.app */ = {isa = PBXFileReference; explicitFileType = wrapper.application; includeInIndex = 0; path = FanRACExtensions.app; sourceTree = BUILT_PRODUCTS_DIR; };
		666C135B22391EA30034C5A5 /* AppDelegate.h */ = {isa = PBXFileReference; lastKnownFileType = sourcecode.c.h; path = AppDelegate.h; sourceTree = "<group>"; };
		666C135C22391EA30034C5A5 /* AppDelegate.m */ = {isa = PBXFileReference; lastKnownFileType = sourcecode.c.objc; path = AppDelegate.m; sourceTree = "<group>"; };
		666C135E22391EA30034C5A5 /* ViewController.h */ = {isa = PBXFileReference; lastKnownFileType = sourcecode.c.h; path = ViewController.h; sourceTree = "<group>"; };
		666C135F22391EA30034C5A5 /* ViewController.m */ = {isa = PBXFileReference; lastKnownFileType = sourcecode.c.objc; path = ViewController.m; sourceTree = "<group>"; };
		666C136222391EA30034C5A5 /* Base */ = {isa = PBXFileReference; lastKnownFileType = file.storyboard; name = Base; path = Base.lproj/Main.storyboard; sourceTree = "<group>"; };
		666C136422391EA40034C5A5 /* Assets.xcassets */ = {isa = PBXFileReference; lastKnownFileType = folder.assetcatalog; path = Assets.xcassets; sourceTree = "<group>"; };
		666C136722391EA40034C5A5 /* Base */ = {isa = PBXFileReference; lastKnownFileType = file.storyboard; name = Base; path = Base.lproj/LaunchScreen.storyboard; sourceTree = "<group>"; };
		666C136922391EA40034C5A5 /* Info.plist */ = {isa = PBXFileReference; lastKnownFileType = text.plist.xml; path = Info.plist; sourceTree = "<group>"; };
		666C136A22391EA40034C5A5 /* main.m */ = {isa = PBXFileReference; lastKnownFileType = sourcecode.c.objc; path = main.m; sourceTree = "<group>"; };
		666C137022391EA40034C5A5 /* FanRACExtensionsTests.xctest */ = {isa = PBXFileReference; explicitFileType = wrapper.cfbundle; includeInIndex = 0; path = FanRACExtensionsTests.xctest; sourceTree = BUILT_PRODUCTS_DIR; };
		666C137422391EA40034C5A5 /* FanRACExtensionsTests.m */ = {isa = PBXFileReference; lastKnownFileType = sourcecode.c.objc; path = FanRACExtensionsTests.m; sourceTree = "<group>"; };
		666C137622391EA40034C5A5 /* Info.plist */ = {isa = PBXFileReference; lastKnownFileType = text.plist.xml; path = Info.plist; sourceTree = "<group>"; };
		666C137B22391EA40034C5A5 /* FanRACExtensionsUITests.xctest */ = {isa = PBXFileReference; explicitFileType = wrapper.cfbundle; includeInIndex = 0; path = FanRACExtensionsUITests.xctest; sourceTree = BUILT_PRODUCTS_DIR; };
		666C137F22391EA40034C5A5 /* FanRACExtensionsUITests.m */ = {isa = PBXFileReference; lastKnownFileType = sourcecode.c.objc; path = FanRACExtensionsUITests.m; sourceTree = "<group>"; };
		666C138122391EA40034C5A5 /* Info.plist */ = {isa = PBXFileReference; lastKnownFileType = text.plist.xml; path = Info.plist; sourceTree = "<group>"; };
		666C138E223A06B90034C5A5 /* FanRACViewModel.h */ = {isa = PBXFileReference; lastKnownFileType = sourcecode.c.h; path = FanRACViewModel.h; sourceTree = "<group>"; };
		666C138F223A06B90034C5A5 /* FanRACViewModel.m */ = {isa = PBXFileReference; lastKnownFileType = sourcecode.c.objc; path = FanRACViewModel.m; sourceTree = "<group>"; };
		666C1392223A3BF40034C5A5 /* FanLoginViewModel.h */ = {isa = PBXFileReference; lastKnownFileType = sourcecode.c.h; path = FanLoginViewModel.h; sourceTree = "<group>"; };
		666C1393223A3BF40034C5A5 /* FanLoginViewModel.m */ = {isa = PBXFileReference; lastKnownFileType = sourcecode.c.objc; path = FanLoginViewModel.m; sourceTree = "<group>"; };
		7956F7F5E07CB0C4FE5A0281 /* Pods-FanRACExtensions.debug.xcconfig */ = {isa = PBXFileReference; includeInIndex = 1; lastKnownFileType = text.xcconfig; name = "Pods-FanRACExtensions.debug.xcconfig"; path = "Pods/Target Support Files/Pods-FanRACExtensions/Pods-FanRACExtensions.debug.xcconfig"; sourceTree = "<group>"; };
		D57406FCEF3B60626E2E6833 /* Pods_FanRACExtensions.framework */ = {isa = PBXFileReference; explicitFileType = wrapper.framework; includeInIndex = 0; path = Pods_FanRACExtensions.framework; sourceTree = BUILT_PRODUCTS_DIR; };
/* End PBXFileReference section */

/* Begin PBXFrameworksBuildPhase section */
		666C135522391EA30034C5A5 /* Frameworks */ = {
			isa = PBXFrameworksBuildPhase;
			buildActionMask = 2147483647;
			files = (
				496DAE86D905D0AC1F67D5B5 /* Pods_FanRACExtensions.framework in Frameworks */,
			);
			runOnlyForDeploymentPostprocessing = 0;
		};
		666C136D22391EA40034C5A5 /* Frameworks */ = {
			isa = PBXFrameworksBuildPhase;
			buildActionMask = 2147483647;
			files = (
			);
			runOnlyForDeploymentPostprocessing = 0;
		};
		666C137822391EA40034C5A5 /* Frameworks */ = {
			isa = PBXFrameworksBuildPhase;
			buildActionMask = 2147483647;
			files = (
			);
			runOnlyForDeploymentPostprocessing = 0;
		};
/* End PBXFrameworksBuildPhase section */

/* Begin PBXGroup section */
		54689EBC3FAAD2B9C37B8307 /* Frameworks */ = {
			isa = PBXGroup;
			children = (
				D57406FCEF3B60626E2E6833 /* Pods_FanRACExtensions.framework */,
			);
			name = Frameworks;
			sourceTree = "<group>";
		};
		666C134F22391EA30034C5A5 = {
			isa = PBXGroup;
			children = (
				666C138D22391EDC0034C5A5 /* Classes */,
				666C135A22391EA30034C5A5 /* FanRACExtensions */,
				666C137322391EA40034C5A5 /* FanRACExtensionsTests */,
				666C137E22391EA40034C5A5 /* FanRACExtensionsUITests */,
				666C135922391EA30034C5A5 /* Products */,
				B759C2D08EC62649E9E180FD /* Pods */,
				54689EBC3FAAD2B9C37B8307 /* Frameworks */,
			);
			sourceTree = "<group>";
		};
		666C135922391EA30034C5A5 /* Products */ = {
			isa = PBXGroup;
			children = (
				666C135822391EA30034C5A5 /* FanRACExtensions.app */,
				666C137022391EA40034C5A5 /* FanRACExtensionsTests.xctest */,
				666C137B22391EA40034C5A5 /* FanRACExtensionsUITests.xctest */,
			);
			name = Products;
			sourceTree = "<group>";
		};
		666C135A22391EA30034C5A5 /* FanRACExtensions */ = {
			isa = PBXGroup;
			children = (
				666C1391223A07310034C5A5 /* FanMVVM */,
				666C135B22391EA30034C5A5 /* AppDelegate.h */,
				666C135C22391EA30034C5A5 /* AppDelegate.m */,
				666C135E22391EA30034C5A5 /* ViewController.h */,
				666C135F22391EA30034C5A5 /* ViewController.m */,
				662F3EAE22422C1C0050C9A1 /* CommonHead.pch */,
				666C136122391EA30034C5A5 /* Main.storyboard */,
				666C136422391EA40034C5A5 /* Assets.xcassets */,
				666C136622391EA40034C5A5 /* LaunchScreen.storyboard */,
				666C136922391EA40034C5A5 /* Info.plist */,
				666C136A22391EA40034C5A5 /* main.m */,
			);
			path = FanRACExtensions;
			sourceTree = "<group>";
		};
		666C137322391EA40034C5A5 /* FanRACExtensionsTests */ = {
			isa = PBXGroup;
			children = (
				666C137422391EA40034C5A5 /* FanRACExtensionsTests.m */,
				666C137622391EA40034C5A5 /* Info.plist */,
			);
			path = FanRACExtensionsTests;
			sourceTree = "<group>";
		};
		666C137E22391EA40034C5A5 /* FanRACExtensionsUITests */ = {
			isa = PBXGroup;
			children = (
				666C137F22391EA40034C5A5 /* FanRACExtensionsUITests.m */,
				666C138122391EA40034C5A5 /* Info.plist */,
			);
			path = FanRACExtensionsUITests;
			sourceTree = "<group>";
		};
		666C138D22391EDC0034C5A5 /* Classes */ = {
			isa = PBXGroup;
			children = (
				666C138E223A06B90034C5A5 /* FanRACViewModel.h */,
				666C138F223A06B90034C5A5 /* FanRACViewModel.m */,
				662F3EB5224343310050C9A1 /* AFHTTPSessionManager+FanRACExtension.h */,
				662F3EB6224343310050C9A1 /* AFHTTPSessionManager+FanRACExtension.m */,
			);
			path = Classes;
			sourceTree = "<group>";
		};
		666C1391223A07310034C5A5 /* FanMVVM */ = {
			isa = PBXGroup;
			children = (
				666C1392223A3BF40034C5A5 /* FanLoginViewModel.h */,
				666C1393223A3BF40034C5A5 /* FanLoginViewModel.m */,
				662F3EAF224338E70050C9A1 /* FanAPIManager.h */,
				662F3EB0224338E70050C9A1 /* FanAPIManager.m */,
				662F3EB222433AD30050C9A1 /* FanAppManager.h */,
				662F3EB322433AD30050C9A1 /* FanAppManager.m */,
			);
			path = FanMVVM;
			sourceTree = "<group>";
		};
		B759C2D08EC62649E9E180FD /* Pods */ = {
			isa = PBXGroup;
			children = (
				7956F7F5E07CB0C4FE5A0281 /* Pods-FanRACExtensions.debug.xcconfig */,
				51043C2725A9C663D64C1757 /* Pods-FanRACExtensions.release.xcconfig */,
			);
			name = Pods;
			sourceTree = "<group>";
		};
/* End PBXGroup section */

/* Begin PBXNativeTarget section */
		666C135722391EA30034C5A5 /* FanRACExtensions */ = {
			isa = PBXNativeTarget;
			buildConfigurationList = 666C138422391EA40034C5A5 /* Build configuration list for PBXNativeTarget "FanRACExtensions" */;
			buildPhases = (
				369E2EB466981AE816B256D4 /* [CP] Check Pods Manifest.lock */,
				666C135422391EA30034C5A5 /* Sources */,
				666C135522391EA30034C5A5 /* Frameworks */,
				666C135622391EA30034C5A5 /* Resources */,
				693CEB746237C331FDEF8904 /* [CP] Embed Pods Frameworks */,
			);
			buildRules = (
			);
			dependencies = (
			);
			name = FanRACExtensions;
			productName = FanRACExtensions;
			productReference = 666C135822391EA30034C5A5 /* FanRACExtensions.app */;
			productType = "com.apple.product-type.application";
		};
		666C136F22391EA40034C5A5 /* FanRACExtensionsTests */ = {
			isa = PBXNativeTarget;
			buildConfigurationList = 666C138722391EA40034C5A5 /* Build configuration list for PBXNativeTarget "FanRACExtensionsTests" */;
			buildPhases = (
				666C136C22391EA40034C5A5 /* Sources */,
				666C136D22391EA40034C5A5 /* Frameworks */,
				666C136E22391EA40034C5A5 /* Resources */,
			);
			buildRules = (
			);
			dependencies = (
				666C137222391EA40034C5A5 /* PBXTargetDependency */,
			);
			name = FanRACExtensionsTests;
			productName = FanRACExtensionsTests;
			productReference = 666C137022391EA40034C5A5 /* FanRACExtensionsTests.xctest */;
			productType = "com.apple.product-type.bundle.unit-test";
		};
		666C137A22391EA40034C5A5 /* FanRACExtensionsUITests */ = {
			isa = PBXNativeTarget;
			buildConfigurationList = 666C138A22391EA40034C5A5 /* Build configuration list for PBXNativeTarget "FanRACExtensionsUITests" */;
			buildPhases = (
				666C137722391EA40034C5A5 /* Sources */,
				666C137822391EA40034C5A5 /* Frameworks */,
				666C137922391EA40034C5A5 /* Resources */,
			);
			buildRules = (
			);
			dependencies = (
				666C137D22391EA40034C5A5 /* PBXTargetDependency */,
			);
			name = FanRACExtensionsUITests;
			productName = FanRACExtensionsUITests;
			productReference = 666C137B22391EA40034C5A5 /* FanRACExtensionsUITests.xctest */;
			productType = "com.apple.product-type.bundle.ui-testing";
		};
/* End PBXNativeTarget section */

/* Begin PBXProject section */
		666C135022391EA30034C5A5 /* Project object */ = {
			isa = PBXProject;
			attributes = {
				LastUpgradeCheck = 1010;
				ORGANIZATIONNAME = "向阳凡";
				TargetAttributes = {
					666C135722391EA30034C5A5 = {
						CreatedOnToolsVersion = 10.1;
					};
					666C136F22391EA40034C5A5 = {
						CreatedOnToolsVersion = 10.1;
						TestTargetID = 666C135722391EA30034C5A5;
					};
					666C137A22391EA40034C5A5 = {
						CreatedOnToolsVersion = 10.1;
						TestTargetID = 666C135722391EA30034C5A5;
					};
				};
			};
			buildConfigurationList = 666C135322391EA30034C5A5 /* Build configuration list for PBXProject "FanRACExtensions" */;
			compatibilityVersion = "Xcode 9.3";
			developmentRegion = en;
			hasScannedForEncodings = 0;
			knownRegions = (
				en,
				Base,
			);
			mainGroup = 666C134F22391EA30034C5A5;
			productRefGroup = 666C135922391EA30034C5A5 /* Products */;
			projectDirPath = "";
			projectRoot = "";
			targets = (
				666C135722391EA30034C5A5 /* FanRACExtensions */,
				666C136F22391EA40034C5A5 /* FanRACExtensionsTests */,
				666C137A22391EA40034C5A5 /* FanRACExtensionsUITests */,
			);
		};
/* End PBXProject section */

/* Begin PBXResourcesBuildPhase section */
		666C135622391EA30034C5A5 /* Resources */ = {
			isa = PBXResourcesBuildPhase;
			buildActionMask = 2147483647;
			files = (
				666C136822391EA40034C5A5 /* LaunchScreen.storyboard in Resources */,
				666C136522391EA40034C5A5 /* Assets.xcassets in Resources */,
				666C136322391EA30034C5A5 /* Main.storyboard in Resources */,
			);
			runOnlyForDeploymentPostprocessing = 0;
		};
		666C136E22391EA40034C5A5 /* Resources */ = {
			isa = PBXResourcesBuildPhase;
			buildActionMask = 2147483647;
			files = (
			);
			runOnlyForDeploymentPostprocessing = 0;
		};
		666C137922391EA40034C5A5 /* Resources */ = {
			isa = PBXResourcesBuildPhase;
			buildActionMask = 2147483647;
			files = (
			);
			runOnlyForDeploymentPostprocessing = 0;
		};
/* End PBXResourcesBuildPhase section */

/* Begin PBXShellScriptBuildPhase section */
		369E2EB466981AE816B256D4 /* [CP] Check Pods Manifest.lock */ = {
			isa = PBXShellScriptBuildPhase;
			buildActionMask = 2147483647;
			files = (
			);
			inputPaths = (
				"${PODS_PODFILE_DIR_PATH}/Podfile.lock",
				"${PODS_ROOT}/Manifest.lock",
			);
			name = "[CP] Check Pods Manifest.lock";
			outputPaths = (
				"$(DERIVED_FILE_DIR)/Pods-FanRACExtensions-checkManifestLockResult.txt",
			);
			runOnlyForDeploymentPostprocessing = 0;
			shellPath = /bin/sh;
			shellScript = "diff \"${PODS_PODFILE_DIR_PATH}/Podfile.lock\" \"${PODS_ROOT}/Manifest.lock\" > /dev/null\nif [ $? != 0 ] ; then\n    # print error to STDERR\n    echo \"error: The sandbox is not in sync with the Podfile.lock. Run 'pod install' or update your CocoaPods installation.\" >&2\n    exit 1\nfi\n# This output is used by Xcode 'outputs' to avoid re-running this script phase.\necho \"SUCCESS\" > \"${SCRIPT_OUTPUT_FILE_0}\"\n";
			showEnvVarsInLog = 0;
		};
		693CEB746237C331FDEF8904 /* [CP] Embed Pods Frameworks */ = {
			isa = PBXShellScriptBuildPhase;
			buildActionMask = 2147483647;
			files = (
			);
			inputPaths = (
				"${SRCROOT}/Pods/Target Support Files/Pods-FanRACExtensions/Pods-FanRACExtensions-frameworks.sh",
				"${BUILT_PRODUCTS_DIR}/AFNetworking/AFNetworking.framework",
				"${BUILT_PRODUCTS_DIR}/FanKit/FanKit.framework",
				"${BUILT_PRODUCTS_DIR}/IQKeyboardManager/IQKeyboardManager.framework",
				"${BUILT_PRODUCTS_DIR}/ReactiveObjC/ReactiveObjC.framework",
				"${BUILT_PRODUCTS_DIR}/SBJson/SBJson.framework",
			);
			name = "[CP] Embed Pods Frameworks";
			outputPaths = (
				"${TARGET_BUILD_DIR}/${FRAMEWORKS_FOLDER_PATH}/AFNetworking.framework",
				"${TARGET_BUILD_DIR}/${FRAMEWORKS_FOLDER_PATH}/FanKit.framework",
				"${TARGET_BUILD_DIR}/${FRAMEWORKS_FOLDER_PATH}/IQKeyboardManager.framework",
				"${TARGET_BUILD_DIR}/${FRAMEWORKS_FOLDER_PATH}/ReactiveObjC.framework",
				"${TARGET_BUILD_DIR}/${FRAMEWORKS_FOLDER_PATH}/SBJson.framework",
			);
			runOnlyForDeploymentPostprocessing = 0;
			shellPath = /bin/sh;
			shellScript = "\"${SRCROOT}/Pods/Target Support Files/Pods-FanRACExtensions/Pods-FanRACExtensions-frameworks.sh\"\n";
			showEnvVarsInLog = 0;
		};
/* End PBXShellScriptBuildPhase section */

/* Begin PBXSourcesBuildPhase section */
		666C135422391EA30034C5A5 /* Sources */ = {
			isa = PBXSourcesBuildPhase;
			buildActionMask = 2147483647;
			files = (
				666C136022391EA30034C5A5 /* ViewController.m in Sources */,
				666C136B22391EA40034C5A5 /* main.m in Sources */,
				662F3EB7224343310050C9A1 /* AFHTTPSessionManager+FanRACExtension.m in Sources */,
				662F3EB422433AD30050C9A1 /* FanAppManager.m in Sources */,
				666C1394223A3BF40034C5A5 /* FanLoginViewModel.m in Sources */,
				666C135D22391EA30034C5A5 /* AppDelegate.m in Sources */,
				662F3EB1224338E70050C9A1 /* FanAPIManager.m in Sources */,
				666C1390223A06B90034C5A5 /* FanRACViewModel.m in Sources */,
			);
			runOnlyForDeploymentPostprocessing = 0;
		};
		666C136C22391EA40034C5A5 /* Sources */ = {
			isa = PBXSourcesBuildPhase;
			buildActionMask = 2147483647;
			files = (
				666C137522391EA40034C5A5 /* FanRACExtensionsTests.m in Sources */,
			);
			runOnlyForDeploymentPostprocessing = 0;
		};
		666C137722391EA40034C5A5 /* Sources */ = {
			isa = PBXSourcesBuildPhase;
			buildActionMask = 2147483647;
			files = (
				666C138022391EA40034C5A5 /* FanRACExtensionsUITests.m in Sources */,
			);
			runOnlyForDeploymentPostprocessing = 0;
		};
/* End PBXSourcesBuildPhase section */

/* Begin PBXTargetDependency section */
		666C137222391EA40034C5A5 /* PBXTargetDependency */ = {
			isa = PBXTargetDependency;
			target = 666C135722391EA30034C5A5 /* FanRACExtensions */;
			targetProxy = 666C137122391EA40034C5A5 /* PBXContainerItemProxy */;
		};
		666C137D22391EA40034C5A5 /* PBXTargetDependency */ = {
			isa = PBXTargetDependency;
			target = 666C135722391EA30034C5A5 /* FanRACExtensions */;
			targetProxy = 666C137C22391EA40034C5A5 /* PBXContainerItemProxy */;
		};
/* End PBXTargetDependency section */

/* Begin PBXVariantGroup section */
		666C136122391EA30034C5A5 /* Main.storyboard */ = {
			isa = PBXVariantGroup;
			children = (
				666C136222391EA30034C5A5 /* Base */,
			);
			name = Main.storyboard;
			sourceTree = "<group>";
		};
		666C136622391EA40034C5A5 /* LaunchScreen.storyboard */ = {
			isa = PBXVariantGroup;
			children = (
				666C136722391EA40034C5A5 /* Base */,
			);
			name = LaunchScreen.storyboard;
			sourceTree = "<group>";
		};
/* End PBXVariantGroup section */

/* Begin XCBuildConfiguration section */
		666C138222391EA40034C5A5 /* Debug */ = {
			isa = XCBuildConfiguration;
			buildSettings = {
				ALWAYS_SEARCH_USER_PATHS = NO;
				CLANG_ANALYZER_NONNULL = YES;
				CLANG_ANALYZER_NUMBER_OBJECT_CONVERSION = YES_AGGRESSIVE;
				CLANG_CXX_LANGUAGE_STANDARD = "gnu++14";
				CLANG_CXX_LIBRARY = "libc++";
				CLANG_ENABLE_MODULES = YES;
				CLANG_ENABLE_OBJC_ARC = YES;
				CLANG_ENABLE_OBJC_WEAK = YES;
				CLANG_WARN_BLOCK_CAPTURE_AUTORELEASING = YES;
				CLANG_WARN_BOOL_CONVERSION = YES;
				CLANG_WARN_COMMA = YES;
				CLANG_WARN_CONSTANT_CONVERSION = YES;
				CLANG_WARN_DEPRECATED_OBJC_IMPLEMENTATIONS = YES;
				CLANG_WARN_DIRECT_OBJC_ISA_USAGE = YES_ERROR;
				CLANG_WARN_DOCUMENTATION_COMMENTS = YES;
				CLANG_WARN_EMPTY_BODY = YES;
				CLANG_WARN_ENUM_CONVERSION = YES;
				CLANG_WARN_INFINITE_RECURSION = YES;
				CLANG_WARN_INT_CONVERSION = YES;
				CLANG_WARN_NON_LITERAL_NULL_CONVERSION = YES;
				CLANG_WARN_OBJC_IMPLICIT_RETAIN_SELF = YES;
				CLANG_WARN_OBJC_LITERAL_CONVERSION = YES;
				CLANG_WARN_OBJC_ROOT_CLASS = YES_ERROR;
				CLANG_WARN_RANGE_LOOP_ANALYSIS = YES;
				CLANG_WARN_STRICT_PROTOTYPES = YES;
				CLANG_WARN_SUSPICIOUS_MOVE = YES;
				CLANG_WARN_UNGUARDED_AVAILABILITY = YES_AGGRESSIVE;
				CLANG_WARN_UNREACHABLE_CODE = YES;
				CLANG_WARN__DUPLICATE_METHOD_MATCH = YES;
				CODE_SIGN_IDENTITY = "iPhone Developer";
				COPY_PHASE_STRIP = NO;
				DEBUG_INFORMATION_FORMAT = dwarf;
				ENABLE_STRICT_OBJC_MSGSEND = YES;
				ENABLE_TESTABILITY = YES;
				GCC_C_LANGUAGE_STANDARD = gnu11;
				GCC_DYNAMIC_NO_PIC = NO;
				GCC_NO_COMMON_BLOCKS = YES;
				GCC_OPTIMIZATION_LEVEL = 0;
				GCC_PREPROCESSOR_DEFINITIONS = (
					"DEBUG=1",
					"$(inherited)",
				);
				GCC_WARN_64_TO_32_BIT_CONVERSION = YES;
				GCC_WARN_ABOUT_RETURN_TYPE = YES_ERROR;
				GCC_WARN_UNDECLARED_SELECTOR = YES;
				GCC_WARN_UNINITIALIZED_AUTOS = YES_AGGRESSIVE;
				GCC_WARN_UNUSED_FUNCTION = YES;
				GCC_WARN_UNUSED_VARIABLE = YES;
				IPHONEOS_DEPLOYMENT_TARGET = 12.1;
				MTL_ENABLE_DEBUG_INFO = INCLUDE_SOURCE;
				MTL_FAST_MATH = YES;
				ONLY_ACTIVE_ARCH = YES;
				SDKROOT = iphoneos;
			};
			name = Debug;
		};
		666C138322391EA40034C5A5 /* Release */ = {
			isa = XCBuildConfiguration;
			buildSettings = {
				ALWAYS_SEARCH_USER_PATHS = NO;
				CLANG_ANALYZER_NONNULL = YES;
				CLANG_ANALYZER_NUMBER_OBJECT_CONVERSION = YES_AGGRESSIVE;
				CLANG_CXX_LANGUAGE_STANDARD = "gnu++14";
				CLANG_CXX_LIBRARY = "libc++";
				CLANG_ENABLE_MODULES = YES;
				CLANG_ENABLE_OBJC_ARC = YES;
				CLANG_ENABLE_OBJC_WEAK = YES;
				CLANG_WARN_BLOCK_CAPTURE_AUTORELEASING = YES;
				CLANG_WARN_BOOL_CONVERSION = YES;
				CLANG_WARN_COMMA = YES;
				CLANG_WARN_CONSTANT_CONVERSION = YES;
				CLANG_WARN_DEPRECATED_OBJC_IMPLEMENTATIONS = YES;
				CLANG_WARN_DIRECT_OBJC_ISA_USAGE = YES_ERROR;
				CLANG_WARN_DOCUMENTATION_COMMENTS = YES;
				CLANG_WARN_EMPTY_BODY = YES;
				CLANG_WARN_ENUM_CONVERSION = YES;
				CLANG_WARN_INFINITE_RECURSION = YES;
				CLANG_WARN_INT_CONVERSION = YES;
				CLANG_WARN_NON_LITERAL_NULL_CONVERSION = YES;
				CLANG_WARN_OBJC_IMPLICIT_RETAIN_SELF = YES;
				CLANG_WARN_OBJC_LITERAL_CONVERSION = YES;
				CLANG_WARN_OBJC_ROOT_CLASS = YES_ERROR;
				CLANG_WARN_RANGE_LOOP_ANALYSIS = YES;
				CLANG_WARN_STRICT_PROTOTYPES = YES;
				CLANG_WARN_SUSPICIOUS_MOVE = YES;
				CLANG_WARN_UNGUARDED_AVAILABILITY = YES_AGGRESSIVE;
				CLANG_WARN_UNREACHABLE_CODE = YES;
				CLANG_WARN__DUPLICATE_METHOD_MATCH = YES;
				CODE_SIGN_IDENTITY = "iPhone Developer";
				COPY_PHASE_STRIP = NO;
				DEBUG_INFORMATION_FORMAT = "dwarf-with-dsym";
				ENABLE_NS_ASSERTIONS = NO;
				ENABLE_STRICT_OBJC_MSGSEND = YES;
				GCC_C_LANGUAGE_STANDARD = gnu11;
				GCC_NO_COMMON_BLOCKS = YES;
				GCC_WARN_64_TO_32_BIT_CONVERSION = YES;
				GCC_WARN_ABOUT_RETURN_TYPE = YES_ERROR;
				GCC_WARN_UNDECLARED_SELECTOR = YES;
				GCC_WARN_UNINITIALIZED_AUTOS = YES_AGGRESSIVE;
				GCC_WARN_UNUSED_FUNCTION = YES;
				GCC_WARN_UNUSED_VARIABLE = YES;
				IPHONEOS_DEPLOYMENT_TARGET = 12.1;
				MTL_ENABLE_DEBUG_INFO = NO;
				MTL_FAST_MATH = YES;
				SDKROOT = iphoneos;
				VALIDATE_PRODUCT = YES;
			};
			name = Release;
		};
		666C138522391EA40034C5A5 /* Debug */ = {
			isa = XCBuildConfiguration;
			baseConfigurationReference = 7956F7F5E07CB0C4FE5A0281 /* Pods-FanRACExtensions.debug.xcconfig */;
			buildSettings = {
				ASSETCATALOG_COMPILER_APPICON_NAME = AppIcon;
				CODE_SIGN_STYLE = Automatic;
				DEVELOPMENT_TEAM = NW3X9NZ9UP;
				GCC_PREFIX_HEADER = "$(SRCROOT)/FanRACExtensions/CommonHead.pch";
				INFOPLIST_FILE = FanRACExtensions/Info.plist;
				LD_RUNPATH_SEARCH_PATHS = (
					"$(inherited)",
					"@executable_path/Frameworks",
				);
				PRODUCT_BUNDLE_IDENTIFIER = com.fan.FanRACExtensions;
				PRODUCT_NAME = "$(TARGET_NAME)";
				TARGETED_DEVICE_FAMILY = "1,2";
			};
			name = Debug;
		};
		666C138622391EA40034C5A5 /* Release */ = {
			isa = XCBuildConfiguration;
			baseConfigurationReference = 51043C2725A9C663D64C1757 /* Pods-FanRACExtensions.release.xcconfig */;
			buildSettings = {
				ASSETCATALOG_COMPILER_APPICON_NAME = AppIcon;
				CODE_SIGN_STYLE = Automatic;
				DEVELOPMENT_TEAM = NW3X9NZ9UP;
				GCC_PREFIX_HEADER = "$(SRCROOT)/FanRACExtensions/CommonHead.pch";
				INFOPLIST_FILE = FanRACExtensions/Info.plist;
				LD_RUNPATH_SEARCH_PATHS = (
					"$(inherited)",
					"@executable_path/Frameworks",
				);
				PRODUCT_BUNDLE_IDENTIFIER = com.fan.FanRACExtensions;
				PRODUCT_NAME = "$(TARGET_NAME)";
				TARGETED_DEVICE_FAMILY = "1,2";
			};
			name = Release;
		};
		666C138822391EA40034C5A5 /* Debug */ = {
			isa = XCBuildConfiguration;
			buildSettings = {
				BUNDLE_LOADER = "$(TEST_HOST)";
				CODE_SIGN_STYLE = Automatic;
				DEVELOPMENT_TEAM = NW3X9NZ9UP;
				INFOPLIST_FILE = FanRACExtensionsTests/Info.plist;
				LD_RUNPATH_SEARCH_PATHS = (
					"$(inherited)",
					"@executable_path/Frameworks",
					"@loader_path/Frameworks",
				);
				PRODUCT_BUNDLE_IDENTIFIER = com.fan.FanRACExtensionsTests;
				PRODUCT_NAME = "$(TARGET_NAME)";
				TARGETED_DEVICE_FAMILY = "1,2";
				TEST_HOST = "$(BUILT_PRODUCTS_DIR)/FanRACExtensions.app/FanRACExtensions";
			};
			name = Debug;
		};
		666C138922391EA40034C5A5 /* Release */ = {
			isa = XCBuildConfiguration;
			buildSettings = {
				BUNDLE_LOADER = "$(TEST_HOST)";
				CODE_SIGN_STYLE = Automatic;
				DEVELOPMENT_TEAM = NW3X9NZ9UP;
				INFOPLIST_FILE = FanRACExtensionsTests/Info.plist;
				LD_RUNPATH_SEARCH_PATHS = (
					"$(inherited)",
					"@executable_path/Frameworks",
					"@loader_path/Frameworks",
				);
				PRODUCT_BUNDLE_IDENTIFIER = com.fan.FanRACExtensionsTests;
				PRODUCT_NAME = "$(TARGET_NAME)";
				TARGETED_DEVICE_FAMILY = "1,2";
				TEST_HOST = "$(BUILT_PRODUCTS_DIR)/FanRACExtensions.app/FanRACExtensions";
			};
			name = Release;
		};
		666C138B22391EA40034C5A5 /* Debug */ = {
			isa = XCBuildConfiguration;
			buildSettings = {
				CODE_SIGN_STYLE = Automatic;
				DEVELOPMENT_TEAM = NW3X9NZ9UP;
				INFOPLIST_FILE = FanRACExtensionsUITests/Info.plist;
				LD_RUNPATH_SEARCH_PATHS = (
					"$(inherited)",
					"@executable_path/Frameworks",
					"@loader_path/Frameworks",
				);
				PRODUCT_BUNDLE_IDENTIFIER = com.fan.FanRACExtensionsUITests;
				PRODUCT_NAME = "$(TARGET_NAME)";
				TARGETED_DEVICE_FAMILY = "1,2";
				TEST_TARGET_NAME = FanRACExtensions;
			};
			name = Debug;
		};
		666C138C22391EA40034C5A5 /* Release */ = {
			isa = XCBuildConfiguration;
			buildSettings = {
				CODE_SIGN_STYLE = Automatic;
				DEVELOPMENT_TEAM = NW3X9NZ9UP;
				INFOPLIST_FILE = FanRACExtensionsUITests/Info.plist;
				LD_RUNPATH_SEARCH_PATHS = (
					"$(inherited)",
					"@executable_path/Frameworks",
					"@loader_path/Frameworks",
				);
				PRODUCT_BUNDLE_IDENTIFIER = com.fan.FanRACExtensionsUITests;
				PRODUCT_NAME = "$(TARGET_NAME)";
				TARGETED_DEVICE_FAMILY = "1,2";
				TEST_TARGET_NAME = FanRACExtensions;
			};
			name = Release;
		};
/* End XCBuildConfiguration section */

/* Begin XCConfigurationList section */
		666C135322391EA30034C5A5 /* Build configuration list for PBXProject "FanRACExtensions" */ = {
			isa = XCConfigurationList;
			buildConfigurations = (
				666C138222391EA40034C5A5 /* Debug */,
				666C138322391EA40034C5A5 /* Release */,
			);
			defaultConfigurationIsVisible = 0;
			defaultConfigurationName = Release;
		};
		666C138422391EA40034C5A5 /* Build configuration list for PBXNativeTarget "FanRACExtensions" */ = {
			isa = XCConfigurationList;
			buildConfigurations = (
				666C138522391EA40034C5A5 /* Debug */,
				666C138622391EA40034C5A5 /* Release */,
			);
			defaultConfigurationIsVisible = 0;
			defaultConfigurationName = Release;
		};
		666C138722391EA40034C5A5 /* Build configuration list for PBXNativeTarget "FanRACExtensionsTests" */ = {
			isa = XCConfigurationList;
			buildConfigurations = (
				666C138822391EA40034C5A5 /* Debug */,
				666C138922391EA40034C5A5 /* Release */,
			);
			defaultConfigurationIsVisible = 0;
			defaultConfigurationName = Release;
		};
		666C138A22391EA40034C5A5 /* Build configuration list for PBXNativeTarget "FanRACExtensionsUITests" */ = {
			isa = XCConfigurationList;
			buildConfigurations = (
				666C138B22391EA40034C5A5 /* Debug */,
				666C138C22391EA40034C5A5 /* Release */,
			);
			defaultConfigurationIsVisible = 0;
			defaultConfigurationName = Release;
		};
/* End XCConfigurationList section */
	};
	rootObject = 666C135022391EA30034C5A5 /* Project object */;
}
